{
  "name": "p2pspider",
  "version": "0.0.8",
  "lockfileVersion": 1,
  "requires": true,
  "dependencies": {
    "bencode": {
      "version": "0.7.0",
<<<<<<< HEAD
      "resolved": "http://registry.npm.taobao.org/bencode/download/bencode-0.7.0.tgz",
=======
      "resolved": "https://registry.npmjs.org/bencode/-/bencode-0.7.0.tgz",
>>>>>>> 127f790d3a3714ae199f649b6c43812f89391d72
      "integrity": "sha1-gR7WR8ARiUXkG7S7veqaLHihcIM="
    },
    "bitfield": {
      "version": "1.1.2",
<<<<<<< HEAD
      "resolved": "http://registry.npm.taobao.org/bitfield/download/bitfield-1.1.2.tgz",
=======
      "resolved": "https://registry.npmjs.org/bitfield/-/bitfield-1.1.2.tgz",
>>>>>>> 127f790d3a3714ae199f649b6c43812f89391d72
      "integrity": "sha1-pUd/AOM/Knbtwgmq8mvwk5SjeM8="
    }
  }
}
